
Microsoft Visual Studio Solution File, Format Version 12.00
# Visual Studio Version 17
VisualStudioVersion = 17.7.34024.191
MinimumVisualStudioVersion = 10.0.40219.1
Project("{FAE04EC0-301F-11D3-BF4B-00C04F79EFBC}") = "ClasesNegocio", "Bibloteca\ClasesNegocio.csproj", "{D938C1FE-1BFC-477D-8FC4-3C2B28E0F73A}"
EndProject
Project("{FAE04EC0-301F-11D3-BF4B-00C04F79EFBC}") = "Consola", "Consola\Consola.csproj", "{833414C4-9AF9-4980-8BF2-687B6FA8FAA6}"
EndProject
Global
	GlobalSection(SolutionConfigurationPlatforms) = preSolution
		Debug|Any CPU = Debug|Any CPU
		Release|Any CPU = Release|Any CPU
	EndGlobalSection
	GlobalSection(ProjectConfigurationPlatforms) = postSolution
		{D938C1FE-1BFC-477D-8FC4-3C2B28E0F73A}.Debug|Any CPU.ActiveCfg = Debug|Any CPU
		{D938C1FE-1BFC-477D-8FC4-3C2B28E0F73A}.Debug|Any CPU.Build.0 = Debug|Any CPU
		{D938C1FE-1BFC-477D-8FC4-3C2B28E0F73A}.Release|Any CPU.ActiveCfg = Release|Any CPU
		{D938C1FE-1BFC-477D-8FC4-3C2B28E0F73A}.Release|Any CPU.Build.0 = Release|Any CPU
		{833414C4-9AF9-4980-8BF2-687B6FA8FAA6}.Debug|Any CPU.ActiveCfg = Debug|Any CPU
		{833414C4-9AF9-4980-8BF2-687B6FA8FAA6}.Debug|Any CPU.Build.0 = Debug|Any CPU
		{833414C4-9AF9-4980-8BF2-687B6FA8FAA6}.Release|Any CPU.ActiveCfg = Release|Any CPU
		{833414C4-9AF9-4980-8BF2-687B6FA8FAA6}.Release|Any CPU.Build.0 = Release|Any CPU
	EndGlobalSection
	GlobalSection(SolutionProperties) = preSolution
		HideSolutionNode = FALSE
	EndGlobalSection
	GlobalSection(ExtensibilityGlobals) = postSolution
		SolutionGuid = {38F2EE4D-6B4B-410C-B786-AD7EADADF58E}
	EndGlobalSection
EndGlobal
